
Microsoft Visual Studio Solution File, Format Version 12.00
# Visual Studio Version 16
VisualStudioVersion = 16.0.31321.278
MinimumVisualStudioVersion = 10.0.40219.1
Project("{FAE04EC0-301F-11D3-BF4B-00C04F79EFBC}") = "ChatClient", "ChatClient\ChatClient.csproj", "{1DABC886-C83C-461B-8A22-5D801ABCD576}"
EndProject
Project("{FAE04EC0-301F-11D3-BF4B-00C04F79EFBC}") = "ChatServer", "ChatServer\ChatServer.csproj", "{BF45EC3E-3947-4D1A-9DA9-ADC639D6B2A8}"
EndProject
Global
	GlobalSection(SolutionConfigurationPlatforms) = preSolution
		Debug|Any CPU = Debug|Any CPU
		Release|Any CPU = Release|Any CPU
	EndGlobalSection
	GlobalSection(ProjectConfigurationPlatforms) = postSolution
		{1DABC886-C83C-461B-8A22-5D801ABCD576}.Debug|Any CPU.ActiveCfg = Debug|Any CPU
		{1DABC886-C83C-461B-8A22-5D801ABCD576}.Debug|Any CPU.Build.0 = Debug|Any CPU
		{1DABC886-C83C-461B-8A22-5D801ABCD576}.Release|Any CPU.ActiveCfg = Release|Any CPU
		{1DABC886-C83C-461B-8A22-5D801ABCD576}.Release|Any CPU.Build.0 = Release|Any CPU
		{BF45EC3E-3947-4D1A-9DA9-ADC639D6B2A8}.Debug|Any CPU.ActiveCfg = Debug|Any CPU
		{BF45EC3E-3947-4D1A-9DA9-ADC639D6B2A8}.Debug|Any CPU.Build.0 = Debug|Any CPU
		{BF45EC3E-3947-4D1A-9DA9-ADC639D6B2A8}.Release|Any CPU.ActiveCfg = Release|Any CPU
		{BF45EC3E-3947-4D1A-9DA9-ADC639D6B2A8}.Release|Any CPU.Build.0 = Release|Any CPU
	EndGlobalSection
	GlobalSection(SolutionProperties) = preSolution
		HideSolutionNode = FALSE
	EndGlobalSection
	GlobalSection(ExtensibilityGlobals) = postSolution
		SolutionGuid = {00AD8CD4-3C8F-40CC-A38B-560B25B322E6}
	EndGlobalSection
EndGlobal
